// !$*UTF8*$!
{
	archiveVersion = 1;
	classes = {
	};
	objectVersion = 48;
	objects = {

/* Begin PBXBuildFile section */
		467BE0831FC7061900A19073 /* AppDelegate.swift in Sources */ = {isa = PBXBuildFile; fileRef = 467BE0821FC7061900A19073 /* AppDelegate.swift */; };
		467BE0851FC7061900A19073 /* ViewController.swift in Sources */ = {isa = PBXBuildFile; fileRef = 467BE0841FC7061900A19073 /* ViewController.swift */; };
		467BE0881FC7061900A19073 /* Main.storyboard in Resources */ = {isa = PBXBuildFile; fileRef = 467BE0861FC7061900A19073 /* Main.storyboard */; };
		467BE08A1FC7061900A19073 /* Assets.xcassets in Resources */ = {isa = PBXBuildFile; fileRef = 467BE0891FC7061900A19073 /* Assets.xcassets */; };
		467BE08D1FC7061900A19073 /* LaunchScreen.storyboard in Resources */ = {isa = PBXBuildFile; fileRef = 467BE08B1FC7061900A19073 /* LaunchScreen.storyboard */; };
		467BE0991FC70B1500A19073 /* Result.framework in Frameworks */ = {isa = PBXBuildFile; fileRef = 467BE0961FC70B1400A19073 /* Result.framework */; };
		467BE09A1FC70B1500A19073 /* ReactiveCocoa.framework in Frameworks */ = {isa = PBXBuildFile; fileRef = 467BE0971FC70B1400A19073 /* ReactiveCocoa.framework */; };
		467BE09B1FC70B1500A19073 /* ReactiveSwift.framework in Frameworks */ = {isa = PBXBuildFile; fileRef = 467BE0981FC70B1400A19073 /* ReactiveSwift.framework */; };
/* End PBXBuildFile section */

/* Begin PBXFileReference section */
		467BE07F1FC7061900A19073 /* git-trending-projects.app */ = {isa = PBXFileReference; explicitFileType = wrapper.application; includeInIndex = 0; path = "git-trending-projects.app"; sourceTree = BUILT_PRODUCTS_DIR; };
		467BE0821FC7061900A19073 /* AppDelegate.swift */ = {isa = PBXFileReference; lastKnownFileType = sourcecode.swift; path = AppDelegate.swift; sourceTree = "<group>"; };
		467BE0841FC7061900A19073 /* ViewController.swift */ = {isa = PBXFileReference; lastKnownFileType = sourcecode.swift; path = ViewController.swift; sourceTree = "<group>"; };
		467BE0871FC7061900A19073 /* Base */ = {isa = PBXFileReference; lastKnownFileType = file.storyboard; name = Base; path = Base.lproj/Main.storyboard; sourceTree = "<group>"; };
		467BE0891FC7061900A19073 /* Assets.xcassets */ = {isa = PBXFileReference; lastKnownFileType = folder.assetcatalog; path = Assets.xcassets; sourceTree = "<group>"; };
		467BE08C1FC7061900A19073 /* Base */ = {isa = PBXFileReference; lastKnownFileType = file.storyboard; name = Base; path = Base.lproj/LaunchScreen.storyboard; sourceTree = "<group>"; };
		467BE08E1FC7061900A19073 /* Info.plist */ = {isa = PBXFileReference; lastKnownFileType = text.plist.xml; path = Info.plist; sourceTree = "<group>"; };
		467BE0961FC70B1400A19073 /* Result.framework */ = {isa = PBXFileReference; lastKnownFileType = wrapper.framework; name = Result.framework; path = Carthage/Build/iOS/Result.framework; sourceTree = "<group>"; };
		467BE0971FC70B1400A19073 /* ReactiveCocoa.framework */ = {isa = PBXFileReference; lastKnownFileType = wrapper.framework; name = ReactiveCocoa.framework; path = Carthage/Build/iOS/ReactiveCocoa.framework; sourceTree = "<group>"; };
		467BE0981FC70B1400A19073 /* ReactiveSwift.framework */ = {isa = PBXFileReference; lastKnownFileType = wrapper.framework; name = ReactiveSwift.framework; path = Carthage/Build/iOS/ReactiveSwift.framework; sourceTree = "<group>"; };
/* End PBXFileReference section */

/* Begin PBXFrameworksBuildPhase section */
		467BE07C1FC7061900A19073 /* Frameworks */ = {
			isa = PBXFrameworksBuildPhase;
			buildActionMask = 2147483647;
			files = (
				467BE0991FC70B1500A19073 /* Result.framework in Frameworks */,
				467BE09A1FC70B1500A19073 /* ReactiveCocoa.framework in Frameworks */,
				467BE09B1FC70B1500A19073 /* ReactiveSwift.framework in Frameworks */,
			);
			runOnlyForDeploymentPostprocessing = 0;
		};
/* End PBXFrameworksBuildPhase section */

/* Begin PBXGroup section */
		467BE0761FC7061900A19073 = {
			isa = PBXGroup;
			children = (
				467BE0811FC7061900A19073 /* git-trending-projects */,
				467BE0801FC7061900A19073 /* Products */,
				467BE0951FC70B1400A19073 /* Frameworks */,
			);
			sourceTree = "<group>";
		};
		467BE0801FC7061900A19073 /* Products */ = {
			isa = PBXGroup;
			children = (
				467BE07F1FC7061900A19073 /* git-trending-projects.app */,
			);
			name = Products;
			sourceTree = "<group>";
		};
		467BE0811FC7061900A19073 /* git-trending-projects */ = {
			isa = PBXGroup;
			children = (
				467BE0821FC7061900A19073 /* AppDelegate.swift */,
				467BE0841FC7061900A19073 /* ViewController.swift */,
				467BE0861FC7061900A19073 /* Main.storyboard */,
				467BE0891FC7061900A19073 /* Assets.xcassets */,
				467BE08B1FC7061900A19073 /* LaunchScreen.storyboard */,
				467BE08E1FC7061900A19073 /* Info.plist */,
			);
			path = "git-trending-projects";
			sourceTree = "<group>";
		};
		467BE0951FC70B1400A19073 /* Frameworks */ = {
			isa = PBXGroup;
			children = (
				467BE0971FC70B1400A19073 /* ReactiveCocoa.framework */,
				467BE0981FC70B1400A19073 /* ReactiveSwift.framework */,
				467BE0961FC70B1400A19073 /* Result.framework */,
			);
			name = Frameworks;
			sourceTree = "<group>";
		};
/* End PBXGroup section */

/* Begin PBXNativeTarget section */
		467BE07E1FC7061900A19073 /* git-trending-projects */ = {
			isa = PBXNativeTarget;
			buildConfigurationList = 467BE0911FC7061900A19073 /* Build configuration list for PBXNativeTarget "git-trending-projects" */;
			buildPhases = (
				467BE07B1FC7061900A19073 /* Sources */,
				467BE07C1FC7061900A19073 /* Frameworks */,
				467BE07D1FC7061900A19073 /* Resources */,
				467BE0941FC7083F00A19073 /* Carthage */,
			);
			buildRules = (
			);
			dependencies = (
			);
			name = "git-trending-projects";
			productName = "git-trending-projects";
			productReference = 467BE07F1FC7061900A19073 /* git-trending-projects.app */;
			productType = "com.apple.product-type.application";
		};
/* End PBXNativeTarget section */

/* Begin PBXProject section */
		467BE0771FC7061900A19073 /* Project object */ = {
			isa = PBXProject;
			attributes = {
				LastSwiftUpdateCheck = 0900;
				LastUpgradeCheck = 0900;
				ORGANIZATIONNAME = wolox;
				TargetAttributes = {
					467BE07E1FC7061900A19073 = {
						CreatedOnToolsVersion = 9.0;
						ProvisioningStyle = Automatic;
					};
				};
			};
			buildConfigurationList = 467BE07A1FC7061900A19073 /* Build configuration list for PBXProject "git-trending-projects" */;
			compatibilityVersion = "Xcode 8.0";
			developmentRegion = en;
			hasScannedForEncodings = 0;
			knownRegions = (
				en,
				Base,
			);
			mainGroup = 467BE0761FC7061900A19073;
			productRefGroup = 467BE0801FC7061900A19073 /* Products */;
			projectDirPath = "";
			projectRoot = "";
			targets = (
				467BE07E1FC7061900A19073 /* git-trending-projects */,
			);
		};
/* End PBXProject section */

/* Begin PBXResourcesBuildPhase section */
		467BE07D1FC7061900A19073 /* Resources */ = {
			isa = PBXResourcesBuildPhase;
			buildActionMask = 2147483647;
			files = (
				467BE08D1FC7061900A19073 /* LaunchScreen.storyboard in Resources */,
				467BE08A1FC7061900A19073 /* Assets.xcassets in Resources */,
				467BE0881FC7061900A19073 /* Main.storyboard in Resources */,
			);
			runOnlyForDeploymentPostprocessing = 0;
		};
/* End PBXResourcesBuildPhase section */

/* Begin PBXShellScriptBuildPhase section */
		467BE0941FC7083F00A19073 /* Carthage */ = {
			isa = PBXShellScriptBuildPhase;
			buildActionMask = 2147483647;
			files = (
			);
			inputPaths = (
				"$(SRCROOT)/Carthage/Build/iOS/Result.framework",
				"$(SRCROOT)/Carthage/Build/iOS/ReactiveSwift.framework",
				"$(SRCROOT)/Carthage/Build/iOS/ReactiveCocoa.framework",
			);
			name = Carthage;
			outputPaths = (
			);
			runOnlyForDeploymentPostprocessing = 0;
			shellPath = /bin/sh;
			shellScript = "/usr/local/bin/carthage copy-frameworks";
		};
/* End PBXShellScriptBuildPhase section */

/* Begin PBXSourcesBuildPhase section */
		467BE07B1FC7061900A19073 /* Sources */ = {
			isa = PBXSourcesBuildPhase;
			buildActionMask = 2147483647;
			files = (
				467BE0851FC7061900A19073 /* ViewController.swift in Sources */,
				467BE0831FC7061900A19073 /* AppDelegate.swift in Sources */,
			);
			runOnlyForDeploymentPostprocessing = 0;
		};
/* End PBXSourcesBuildPhase section */

/* Begin PBXVariantGroup section */
		467BE0861FC7061900A19073 /* Main.storyboard */ = {
			isa = PBXVariantGroup;
			children = (
				467BE0871FC7061900A19073 /* Base */,
			);
			name = Main.storyboard;
			sourceTree = "<group>";
		};
		467BE08B1FC7061900A19073 /* LaunchScreen.storyboard */ = {
			isa = PBXVariantGroup;
			children = (
				467BE08C1FC7061900A19073 /* Base */,
			);
			name = LaunchScreen.storyboard;
			sourceTree = "<group>";
		};
/* End PBXVariantGroup section */

/* Begin XCBuildConfiguration section */
		467BE08F1FC7061900A19073 /* Debug */ = {
			isa = XCBuildConfiguration;
			buildSettings = {
				ALWAYS_SEARCH_USER_PATHS = NO;
				CLANG_ANALYZER_NONNULL = YES;
				CLANG_ANALYZER_NUMBER_OBJECT_CONVERSION = YES_AGGRESSIVE;
				CLANG_CXX_LANGUAGE_STANDARD = "gnu++14";
				CLANG_CXX_LIBRARY = "libc++";
				CLANG_ENABLE_MODULES = YES;
				CLANG_ENABLE_OBJC_ARC = YES;
				CLANG_WARN_BLOCK_CAPTURE_AUTORELEASING = YES;
				CLANG_WARN_BOOL_CONVERSION = YES;
				CLANG_WARN_COMMA = YES;
				CLANG_WARN_CONSTANT_CONVERSION = YES;
				CLANG_WARN_DIRECT_OBJC_ISA_USAGE = YES_ERROR;
				CLANG_WARN_DOCUMENTATION_COMMENTS = YES;
				CLANG_WARN_EMPTY_BODY = YES;
				CLANG_WARN_ENUM_CONVERSION = YES;
				CLANG_WARN_INFINITE_RECURSION = YES;
				CLANG_WARN_INT_CONVERSION = YES;
				CLANG_WARN_NON_LITERAL_NULL_CONVERSION = YES;
				CLANG_WARN_OBJC_LITERAL_CONVERSION = YES;
				CLANG_WARN_OBJC_ROOT_CLASS = YES_ERROR;
				CLANG_WARN_RANGE_LOOP_ANALYSIS = YES;
				CLANG_WARN_STRICT_PROTOTYPES = YES;
				CLANG_WARN_SUSPICIOUS_MOVE = YES;
				CLANG_WARN_UNGUARDED_AVAILABILITY = YES_AGGRESSIVE;
				CLANG_WARN_UNREACHABLE_CODE = YES;
				CLANG_WARN__DUPLICATE_METHOD_MATCH = YES;
				CODE_SIGN_IDENTITY = "iPhone Developer";
				COPY_PHASE_STRIP = NO;
				DEBUG_INFORMATION_FORMAT = dwarf;
				ENABLE_STRICT_OBJC_MSGSEND = YES;
				ENABLE_TESTABILITY = YES;
				GCC_C_LANGUAGE_STANDARD = gnu11;
				GCC_DYNAMIC_NO_PIC = NO;
				GCC_NO_COMMON_BLOCKS = YES;
				GCC_OPTIMIZATION_LEVEL = 0;
				GCC_PREPROCESSOR_DEFINITIONS = (
					"DEBUG=1",
					"$(inherited)",
				);
				GCC_WARN_64_TO_32_BIT_CONVERSION = YES;
				GCC_WARN_ABOUT_RETURN_TYPE = YES_ERROR;
				GCC_WARN_UNDECLARED_SELECTOR = YES;
				GCC_WARN_UNINITIALIZED_AUTOS = YES_AGGRESSIVE;
				GCC_WARN_UNUSED_FUNCTION = YES;
				GCC_WARN_UNUSED_VARIABLE = YES;
				IPHONEOS_DEPLOYMENT_TARGET = 11.0;
				MTL_ENABLE_DEBUG_INFO = YES;
				ONLY_ACTIVE_ARCH = YES;
				SDKROOT = iphoneos;
				SWIFT_ACTIVE_COMPILATION_CONDITIONS = DEBUG;
				SWIFT_OPTIMIZATION_LEVEL = "-Onone";
			};
			name = Debug;
		};
		467BE0901FC7061900A19073 /* Release */ = {
			isa = XCBuildConfiguration;
			buildSettings = {
				ALWAYS_SEARCH_USER_PATHS = NO;
				CLANG_ANALYZER_NONNULL = YES;
				CLANG_ANALYZER_NUMBER_OBJECT_CONVERSION = YES_AGGRESSIVE;
				CLANG_CXX_LANGUAGE_STANDARD = "gnu++14";
				CLANG_CXX_LIBRARY = "libc++";
				CLANG_ENABLE_MODULES = YES;
				CLANG_ENABLE_OBJC_ARC = YES;
				CLANG_WARN_BLOCK_CAPTURE_AUTORELEASING = YES;
				CLANG_WARN_BOOL_CONVERSION = YES;
				CLANG_WARN_COMMA = YES;
				CLANG_WARN_CONSTANT_CONVERSION = YES;
				CLANG_WARN_DIRECT_OBJC_ISA_USAGE = YES_ERROR;
				CLANG_WARN_DOCUMENTATION_COMMENTS = YES;
				CLANG_WARN_EMPTY_BODY = YES;
				CLANG_WARN_ENUM_CONVERSION = YES;
				CLANG_WARN_INFINITE_RECURSION = YES;
				CLANG_WARN_INT_CONVERSION = YES;
				CLANG_WARN_NON_LITERAL_NULL_CONVERSION = YES;
				CLANG_WARN_OBJC_LITERAL_CONVERSION = YES;
				CLANG_WARN_OBJC_ROOT_CLASS = YES_ERROR;
				CLANG_WARN_RANGE_LOOP_ANALYSIS = YES;
				CLANG_WARN_STRICT_PROTOTYPES = YES;
				CLANG_WARN_SUSPICIOUS_MOVE = YES;
				CLANG_WARN_UNGUARDED_AVAILABILITY = YES_AGGRESSIVE;
				CLANG_WARN_UNREACHABLE_CODE = YES;
				CLANG_WARN__DUPLICATE_METHOD_MATCH = YES;
				CODE_SIGN_IDENTITY = "iPhone Developer";
				COPY_PHASE_STRIP = NO;
				DEBUG_INFORMATION_FORMAT = "dwarf-with-dsym";
				ENABLE_NS_ASSERTIONS = NO;
				ENABLE_STRICT_OBJC_MSGSEND = YES;
				GCC_C_LANGUAGE_STANDARD = gnu11;
				GCC_NO_COMMON_BLOCKS = YES;
				GCC_WARN_64_TO_32_BIT_CONVERSION = YES;
				GCC_WARN_ABOUT_RETURN_TYPE = YES_ERROR;
				GCC_WARN_UNDECLARED_SELECTOR = YES;
				GCC_WARN_UNINITIALIZED_AUTOS = YES_AGGRESSIVE;
				GCC_WARN_UNUSED_FUNCTION = YES;
				GCC_WARN_UNUSED_VARIABLE = YES;
				IPHONEOS_DEPLOYMENT_TARGET = 11.0;
				MTL_ENABLE_DEBUG_INFO = NO;
				SDKROOT = iphoneos;
				SWIFT_OPTIMIZATION_LEVEL = "-Owholemodule";
				VALIDATE_PRODUCT = YES;
			};
			name = Release;
		};
		467BE0921FC7061900A19073 /* Debug */ = {
			isa = XCBuildConfiguration;
			buildSettings = {
				ASSETCATALOG_COMPILER_APPICON_NAME = AppIcon;
				CODE_SIGN_STYLE = Automatic;
				DEVELOPMENT_TEAM = 2X8AT927C5;
				FRAMEWORK_SEARCH_PATHS = (
					"$(inherited)",
					"$(PROJECT_DIR)/Carthage/Build/iOS",
				);
				INFOPLIST_FILE = "git-trending-projects/Info.plist";
				LD_RUNPATH_SEARCH_PATHS = "$(inherited) @executable_path/Frameworks";
				PRODUCT_BUNDLE_IDENTIFIER = "ar.com.wolox.git-trending-projects";
				PRODUCT_NAME = "$(TARGET_NAME)";
				SWIFT_VERSION = 4.0;
				TARGETED_DEVICE_FAMILY = "1,2";
			};
			name = Debug;
		};
		467BE0931FC7061900A19073 /* Release */ = {
			isa = XCBuildConfiguration;
			buildSettings = {
				ASSETCATALOG_COMPILER_APPICON_NAME = AppIcon;
				CODE_SIGN_STYLE = Automatic;
				DEVELOPMENT_TEAM = 2X8AT927C5;
				FRAMEWORK_SEARCH_PATHS = (
					"$(inherited)",
					"$(PROJECT_DIR)/Carthage/Build/iOS",
				);
				INFOPLIST_FILE = "git-trending-projects/Info.plist";
				LD_RUNPATH_SEARCH_PATHS = "$(inherited) @executable_path/Frameworks";
				PRODUCT_BUNDLE_IDENTIFIER = "ar.com.wolox.git-trending-projects";
				PRODUCT_NAME = "$(TARGET_NAME)";
				SWIFT_VERSION = 4.0;
				TARGETED_DEVICE_FAMILY = "1,2";
			};
			name = Release;
		};
/* End XCBuildConfiguration section */

/* Begin XCConfigurationList section */
		467BE07A1FC7061900A19073 /* Build configuration list for PBXProject "git-trending-projects" */ = {
			isa = XCConfigurationList;
			buildConfigurations = (
				467BE08F1FC7061900A19073 /* Debug */,
				467BE0901FC7061900A19073 /* Release */,
			);
			defaultConfigurationIsVisible = 0;
			defaultConfigurationName = Release;
		};
		467BE0911FC7061900A19073 /* Build configuration list for PBXNativeTarget "git-trending-projects" */ = {
			isa = XCConfigurationList;
			buildConfigurations = (
				467BE0921FC7061900A19073 /* Debug */,
				467BE0931FC7061900A19073 /* Release */,
			);
			defaultConfigurationIsVisible = 0;
			defaultConfigurationName = Release;
		};
/* End XCConfigurationList section */
	};
	rootObject = 467BE0771FC7061900A19073 /* Project object */;
}
